
Microsoft Visual Studio Solution File, Format Version 12.00
# Visual Studio Version 17
VisualStudioVersion = 17.1.31903.286
MinimumVisualStudioVersion = 10.0.40219.1
Project("{2150E333-8FDC-42A3-9474-1A3956D46DE8}") = "Source", "Source", "{A176DF4B-C60B-416E-9879-397E8F6F0B4E}"
EndProject
Project("{9A19103F-16F7-4668-BE54-9A1E7A4F7556}") = "AzureContainerApps", "Source\AzureContainerApps\AzureContainerApps.csproj", "{44F95B00-65B0-41BB-97AF-D6313587D468}"
EndProject
Global
	GlobalSection(SolutionConfigurationPlatforms) = preSolution
		Debug|Any CPU = Debug|Any CPU
		Release|Any CPU = Release|Any CPU
	EndGlobalSection
	GlobalSection(ProjectConfigurationPlatforms) = postSolution
		{44F95B00-65B0-41BB-97AF-D6313587D468}.Debug|Any CPU.ActiveCfg = Debug|Any CPU
		{44F95B00-65B0-41BB-97AF-D6313587D468}.Debug|Any CPU.Build.0 = Debug|Any CPU
		{44F95B00-65B0-41BB-97AF-D6313587D468}.Release|Any CPU.ActiveCfg = Release|Any CPU
		{44F95B00-65B0-41BB-97AF-D6313587D468}.Release|Any CPU.Build.0 = Release|Any CPU
	EndGlobalSection
	GlobalSection(SolutionProperties) = preSolution
		HideSolutionNode = FALSE
	EndGlobalSection
	GlobalSection(NestedProjects) = preSolution
		{44F95B00-65B0-41BB-97AF-D6313587D468} = {A176DF4B-C60B-416E-9879-397E8F6F0B4E}
	EndGlobalSection
	GlobalSection(ExtensibilityGlobals) = postSolution
		SolutionGuid = {75F86AD7-5AC6-4CB0-B7D1-403735140818}
	EndGlobalSection
EndGlobal
